{
  "nodes": {
    "agenix": {
      "inputs": {
        "darwin": [],
        "home-manager": [
          "home-manager"
        ],
        "nixpkgs": [
          "nixpkgs"
        ],
        "systems": [
          "systems"
        ]
      },
      "locked": {
        "lastModified": 1736955230,
        "narHash": "sha256-uenf8fv2eG5bKM8C/UvFaiJMZ4IpUFaQxk9OH5t/1gA=",
        "owner": "ryantm",
        "repo": "agenix",
        "rev": "e600439ec4c273cf11e06fe4d9d906fb98fa097c",
        "type": "github"
      },
      "original": {
        "owner": "ryantm",
        "repo": "agenix",
        "type": "github"
      }
    },
    "devbox": {
      "inputs": {
        "flake-utils": [
          "flake-utils"
        ],
        "nixpkgs": [
          "nixpkgs"
        ]
      },
      "locked": {
        "lastModified": 1739513503,
        "narHash": "sha256-ka3knS57Nc9LvGxr2DitcfI7VlkqsVXIi/llFFMb14g=",
        "owner": "jetify-com",
        "repo": "devbox",
        "rev": "dc50eb507f8a993b3459a05b6ec1e2eaea324ba4",
        "type": "github"
      },
      "original": {
        "owner": "jetify-com",
        "ref": "0.14.0",
        "repo": "devbox",
        "type": "github"
      }
    },
    "disko": {
      "inputs": {
        "nixpkgs": [
          "nixpkgs"
        ]
      },
      "locked": {
        "lastModified": 1740485968,
        "narHash": "sha256-WK+PZHbfDjLyveXAxpnrfagiFgZWaTJglewBWniTn2Y=",
        "owner": "nix-community",
        "repo": "disko",
        "rev": "19c1140419c4f1cdf88ad4c1cfb6605597628940",
        "type": "github"
      },
      "original": {
        "owner": "nix-community",
        "repo": "disko",
        "type": "github"
      }
    },
    "fenix": {
      "inputs": {
        "nixpkgs": [
          "fh",
          "nixpkgs"
        ],
        "rust-analyzer-src": "rust-analyzer-src"
      },
      "locked": {
        "lastModified": 1735713283,
        "narHash": "sha256-xC6X49L55xo7AV+pAYclOj5UNWtBo/xx5aB5IehJD0M=",
        "rev": "bfba822a4220b0e2c4dc7f36a35e4c8450cd9a9c",
        "revCount": 2125,
        "type": "tarball",
        "url": "https://api.flakehub.com/f/pinned/nix-community/fenix/0.1.2125%2Brev-bfba822a4220b0e2c4dc7f36a35e4c8450cd9a9c/019420f1-c64f-7176-bdf5-3f4f4fe2bac6/source.tar.gz"
      },
      "original": {
        "type": "tarball",
        "url": "https://flakehub.com/f/nix-community/fenix/0.1.1584.tar.gz"
      }
    },
    "fh": {
      "inputs": {
        "fenix": "fenix",
        "naersk": "naersk",
        "nixpkgs": [
          "nixpkgs"
        ]
      },
      "locked": {
        "lastModified": 1740069727,
        "narHash": "sha256-yOqXcn/OMfC97t002V8yzZn1PhuV8lIp5szPA7eys1Q=",
        "rev": "ed73c2dd1d4ccc6d1588809078ebb2f38431dddc",
        "revCount": 683,
        "type": "tarball",
        "url": "https://api.flakehub.com/f/pinned/DeterminateSystems/fh/0.1.22/0195244a-b1c2-7264-b779-0e1e34d9735f/source.tar.gz"
      },
      "original": {
        "type": "tarball",
        "url": "https://flakehub.com/f/DeterminateSystems/fh/%2A.tar.gz"
      }
    },
    "firefox-addons": {
      "inputs": {
        "flake-utils": [
          "flake-utils"
        ],
        "nixpkgs": [
          "nixpkgs"
        ]
      },
      "locked": {
        "dir": "pkgs/firefox-addons",
        "lastModified": 1741637142,
        "narHash": "sha256-aPKInlVRIj8A7qtg85UDJgzfQbv0VB4klEWW9nHoY2o=",
        "owner": "rycee",
        "repo": "nur-expressions",
        "rev": "6417270f24bc3403d7dae93ba169c7ccc5295fa0",
        "type": "gitlab"
      },
      "original": {
        "dir": "pkgs/firefox-addons",
        "owner": "rycee",
        "repo": "nur-expressions",
        "type": "gitlab"
      }
    },
    "flake-parts": {
      "inputs": {
        "nixpkgs-lib": [
          "nixpkgs-lib"
        ]
      },
      "locked": {
        "lastModified": 1741352980,
        "narHash": "sha256-+u2UunDA4Cl5Fci3m7S643HzKmIDAe+fiXrLqYsR2fs=",
        "owner": "hercules-ci",
        "repo": "flake-parts",
        "rev": "f4330d22f1c5d2ba72d3d22df5597d123fdb60a9",
        "type": "github"
      },
      "original": {
        "owner": "hercules-ci",
        "repo": "flake-parts",
        "type": "github"
      }
    },
    "flake-utils": {
      "inputs": {
        "systems": [
          "systems"
        ]
      },
      "locked": {
        "lastModified": 1731533236,
        "narHash": "sha256-l0KFg5HjrsfsO/JpG+r7fRrqm12kzFHyUHqHCVpMMbI=",
        "owner": "numtide",
        "repo": "flake-utils",
        "rev": "11707dc2f618dd54ca8739b309ec4fc024de578b",
        "type": "github"
      },
      "original": {
        "owner": "numtide",
        "repo": "flake-utils",
        "type": "github"
      }
    },
    "home-manager": {
      "inputs": {
        "nixpkgs": [
          "nixpkgs"
        ]
      },
      "locked": {
        "lastModified": 1741635347,
        "narHash": "sha256-2aYfV44h18alHXopyfL4D9GsnpE5XlSVkp4MGe586VU=",
        "owner": "nix-community",
        "repo": "home-manager",
        "rev": "7fb8678716c158642ac42f9ff7a18c0800fea551",
        "type": "github"
      },
      "original": {
        "owner": "nix-community",
        "repo": "home-manager",
        "type": "github"
      }
    },
    "lib-aggregate": {
      "inputs": {
        "flake-utils": [
          "flake-utils"
        ],
        "nixpkgs-lib": [
          "nixpkgs-lib"
        ]
      },
      "locked": {
        "lastModified": 1741522229,
        "narHash": "sha256-7XL9XiEZSZ0+0z6Y0VPBLLNADkEEq/IYHzGVCEWQUXc=",
        "owner": "nix-community",
        "repo": "lib-aggregate",
        "rev": "b3bc7ba34afb20631c9ff05c0cff42c83ec2ae34",
        "type": "github"
      },
      "original": {
        "owner": "nix-community",
        "repo": "lib-aggregate",
        "type": "github"
      }
    },
    "mnw": {
      "locked": {
        "lastModified": 1735150973,
        "narHash": "sha256-OJhcCAoaMMXeD6o4qI/hxBCNELJp4dN8D5LJZc8w8XA=",
        "owner": "Gerg-L",
        "repo": "mnw",
        "rev": "40cd0b006cc48dffd0f8698ad7f54cf1d56779a6",
        "type": "github"
      },
      "original": {
        "owner": "Gerg-L",
        "repo": "mnw",
        "type": "github"
      }
    },
    "my-nvf": {
      "inputs": {
        "flake-parts": [
          "flake-parts"
        ],
        "flake-utils": [
          "flake-utils"
        ],
        "nil": "nil",
        "nixpkgs": [
          "nixpkgs"
        ],
        "nixpkgs-lib": [
          "nixpkgs-lib"
        ],
        "nvf": "nvf",
        "rust-overlay": [
          "rust-overlay"
        ],
        "systems": [
          "systems"
        ]
      },
      "locked": {
        "lastModified": 1,
        "narHash": "sha256-Q6mNbXSzeMhOGHtenw0yyP3yR9YHWTD8vV9z2YVAWus=",
        "path": "./nvf",
        "type": "path"
      },
      "original": {
        "path": "./nvf",
        "type": "path"
      }
    },
    "naersk": {
      "inputs": {
        "nixpkgs": [
          "fh",
          "nixpkgs"
        ]
      },
      "locked": {
        "lastModified": 1736429049,
        "narHash": "sha256-np2K6lbTOq7yugwS0IsEmy+02vxTAF62bp8APnBHsE4=",
        "rev": "5891bae1b7fbd8d3a138773fd751e7a532f914aa",
        "revCount": 352,
        "type": "tarball",
        "url": "https://api.flakehub.com/f/pinned/nix-community/naersk/0.1.352%2Brev-5891bae1b7fbd8d3a138773fd751e7a532f914aa/01944b3d-93aa-7d30-8c2b-bd5902521c73/source.tar.gz"
      },
      "original": {
        "type": "tarball",
        "url": "https://flakehub.com/f/nix-community/naersk/0.1.345.tar.gz"
      }
    },
    "nil": {
      "inputs": {
        "flake-utils": [
          "my-nvf",
          "flake-utils"
        ],
        "nixpkgs": [
          "my-nvf",
          "nixpkgs"
        ],
        "rust-overlay": [
          "my-nvf",
          "rust-overlay"
        ]
      },
      "locked": {
        "lastModified": 1732053863,
        "narHash": "sha256-DCIVdlb81Fct2uwzbtnawLBC/U03U2hqx8trqTJB7WA=",
        "owner": "oxalica",
        "repo": "nil",
        "rev": "2e24c9834e3bb5aa2a3701d3713b43a6fb106362",
        "type": "github"
      },
      "original": {
        "owner": "oxalica",
        "repo": "nil",
        "type": "github"
      }
    },
    "nix-eval-jobs": {
      "inputs": {
        "flake-parts": [
          "flake-parts"
        ],
        "nix-github-actions": "nix-github-actions",
        "nixpkgs": [
          "nixpkgs"
        ],
        "treefmt-nix": "treefmt-nix"
      },
      "locked": {
        "lastModified": 1739500569,
        "narHash": "sha256-3wIReAqdTALv39gkWXLMZQvHyBOc3yPkWT2ZsItxedY=",
        "owner": "nix-community",
        "repo": "nix-eval-jobs",
        "rev": "4b392b284877d203ae262e16af269f702df036bc",
        "type": "github"
      },
      "original": {
        "owner": "nix-community",
        "repo": "nix-eval-jobs",
        "type": "github"
      }
    },
    "nix-github-actions": {
      "inputs": {
        "nixpkgs": [
          "nix-eval-jobs",
          "nixpkgs"
        ]
      },
      "locked": {
        "lastModified": 1731952509,
        "narHash": "sha256-p4gB3Rhw8R6Ak4eMl8pqjCPOLCZRqaehZxdZ/mbFClM=",
        "owner": "nix-community",
        "repo": "nix-github-actions",
        "rev": "7b5f051df789b6b20d259924d349a9ba3319b226",
        "type": "github"
      },
      "original": {
        "owner": "nix-community",
        "repo": "nix-github-actions",
        "type": "github"
      }
    },
    "nixos-hardware": {
      "locked": {
        "lastModified": 1741325094,
        "narHash": "sha256-RUAdT8dZ6k/486vnu3tiNRrNW6+Q8uSD2Mq7gTX4jlo=",
        "owner": "NixOS",
        "repo": "nixos-hardware",
        "rev": "b48cc4dab0f9711af296fc367b6108cf7b8ccb16",
        "type": "github"
      },
      "original": {
        "owner": "NixOS",
        "repo": "nixos-hardware",
        "type": "github"
      }
    },
    "nixpkgs": {
      "locked": {
        "lastModified": 1741513245,
        "narHash": "sha256-7rTAMNTY1xoBwz0h7ZMtEcd8LELk9R5TzBPoHuhNSCk=",
        "owner": "NixOS",
        "repo": "nixpkgs",
        "rev": "e3e32b642a31e6714ec1b712de8c91a3352ce7e1",
        "type": "github"
      },
      "original": {
        "owner": "NixOS",
        "ref": "nixos-unstable",
        "repo": "nixpkgs",
        "type": "github"
      }
    },
    "nixpkgs-lib": {
      "locked": {
        "lastModified": 1741481724,
        "narHash": "sha256-XkDGJ3UJ06OkyHiKX20wLIyqrVl8J9ppccSevDoZYg0=",
        "owner": "nix-community",
        "repo": "nixpkgs.lib",
        "rev": "4264843d949bd5fb28a96f47842b634919aa58fa",
        "type": "github"
      },
      "original": {
        "owner": "nix-community",
        "repo": "nixpkgs.lib",
        "type": "github"
      }
    },
    "nmd": {
      "flake": false,
      "locked": {
        "lastModified": 1705050560,
        "narHash": "sha256-x3zzcdvhJpodsmdjqB4t5mkVW22V3wqHLOun0KRBzUI=",
        "owner": "~rycee",
        "repo": "nmd",
        "rev": "66d9334933119c36f91a78d565c152a4fdc8d3d3",
        "type": "sourcehut"
      },
      "original": {
        "owner": "~rycee",
        "repo": "nmd",
        "type": "sourcehut"
      }
    },
    "nvf": {
      "inputs": {
        "flake-parts": [
          "my-nvf",
          "flake-parts"
        ],
        "flake-utils": [
          "my-nvf",
          "flake-utils"
        ],
        "mnw": "mnw",
        "nil": [
          "my-nvf",
          "nil"
        ],
        "nixpkgs": [
          "my-nvf",
          "nixpkgs"
        ],
        "nmd": "nmd",
        "systems": [
          "my-nvf",
          "systems"
        ]
      },
      "locked": {
        "lastModified": 1740362986,
        "narHash": "sha256-t2wzynm/BwRKrJMcKU0XfjxaJfz4oS/yV6UUicM3KXQ=",
        "owner": "adamdicarlo",
        "repo": "nvf",
        "rev": "a9d2e43facebe5ce4cdbe9370b3a31ad123eefe9",
        "type": "github"
      },
      "original": {
        "owner": "adamdicarlo",
        "ref": "feature-language-elm",
        "repo": "nvf",
        "type": "github"
      }
    },
    "openaws-vpn-client": {
      "inputs": {
        "nixpkgs": [
          "nixpkgs"
        ],
        "rust-overlay": [
          "rust-overlay"
        ]
      },
      "locked": {
        "lastModified": 1704763914,
        "narHash": "sha256-fiz7c/9AedI9NlEOZCilCQF8f1EBEPGQLXnKKhjypcA=",
        "type": "tarball",
        "url": "https://github.com/adamdicarlo/openaws-vpn-client/archive/6462f1449875bb26d0866644c3687e4a82b0d4c1.tar.gz"
      },
      "original": {
        "type": "tarball",
        "url": "https://github.com/adamdicarlo/openaws-vpn-client/archive/6462f1449875bb26d0866644c3687e4a82b0d4c1.tar.gz"
      }
    },
    "root": {
      "inputs": {
        "agenix": "agenix",
        "devbox": "devbox",
        "disko": "disko",
        "fh": "fh",
        "firefox-addons": "firefox-addons",
        "flake-parts": "flake-parts",
        "flake-utils": "flake-utils",
        "home-manager": "home-manager",
        "lib-aggregate": "lib-aggregate",
        "my-nvf": "my-nvf",
        "nix-eval-jobs": "nix-eval-jobs",
        "nixos-hardware": "nixos-hardware",
        "nixpkgs": "nixpkgs",
        "nixpkgs-lib": "nixpkgs-lib",
        "openaws-vpn-client": "openaws-vpn-client",
        "rust-overlay": "rust-overlay",
        "systems": "systems",
        "zen-browser": "zen-browser"
      }
    },
    "rust-analyzer-src": {
      "flake": false,
      "locked": {
        "lastModified": 1735659655,
        "narHash": "sha256-DQgwi3pwaasWWDfNtXIX0lW5KvxQ+qVhxO1J7l68Qcc=",
        "owner": "rust-lang",
        "repo": "rust-analyzer",
        "rev": "085ad107943996c344633d58f26467b05f8e2ff0",
        "type": "github"
      },
      "original": {
        "owner": "rust-lang",
        "ref": "nightly",
        "repo": "rust-analyzer",
        "type": "github"
      }
    },
    "rust-overlay": {
      "inputs": {
        "nixpkgs": [
          "nixpkgs"
        ]
      },
      "locked": {
        "lastModified": 1741573199,
        "narHash": "sha256-A2sln1GdCf+uZ8yrERSCZUCqZ3JUlOv1WE2VFqqfaLQ=",
        "owner": "oxalica",
        "repo": "rust-overlay",
        "rev": "c777dc8a1e35407b0e80ec89817fe69970f4e81a",
        "type": "github"
      },
      "original": {
        "owner": "oxalica",
        "repo": "rust-overlay",
        "type": "github"
      }
    },
    "systems": {
      "locked": {
        "lastModified": 1680978846,
        "narHash": "sha256-Gtqg8b/v49BFDpDetjclCYXm8mAnTrUzR0JnE2nv5aw=",
        "owner": "nix-systems",
        "repo": "x86_64-linux",
        "rev": "2ecfcac5e15790ba6ce360ceccddb15ad16d08a8",
        "type": "github"
      },
      "original": {
        "owner": "nix-systems",
        "repo": "x86_64-linux",
        "type": "github"
      }
    },
    "treefmt-nix": {
      "inputs": {
        "nixpkgs": [
          "nix-eval-jobs",
          "nixpkgs"
        ]
      },
      "locked": {
        "lastModified": 1736154270,
        "narHash": "sha256-p2r8xhQZ3TYIEKBoiEhllKWQqWNJNoT9v64Vmg4q8Zw=",
        "owner": "numtide",
        "repo": "treefmt-nix",
        "rev": "13c913f5deb3a5c08bb810efd89dc8cb24dd968b",
        "type": "github"
      },
      "original": {
        "owner": "numtide",
        "repo": "treefmt-nix",
        "type": "github"
      }
    },
    "zen-browser": {
      "inputs": {
        "nixpkgs": [
          "nixpkgs"
        ]
      },
      "locked": {
        "lastModified": 1741493092,
        "narHash": "sha256-jShBVqU8K5rN8xtsq2JDgq+KInRw3pDbp8SViMIz5pE=",
        "owner": "youwen5",
        "repo": "zen-browser-flake",
        "rev": "117945c4162d78f2cc7ad578cf44edbbf1ee33fb",
        "type": "github"
      },
      "original": {
        "owner": "youwen5",
        "repo": "zen-browser-flake",
        "type": "github"
      }
    }
  },
  "root": "root",
  "version": 7
}
